
Microsoft Visual Studio Solution File, Format Version 12.00
# Visual Studio Version 17
VisualStudioVersion = 17.5.002.0
MinimumVisualStudioVersion = 10.0.40219.1
Project("{2150E333-8FDC-42A3-9474-1A3956D46DE8}") = "CreationalDesignPatterns", "CreationalDesignPatterns", "{EF6F249F-F02E-4500-B944-20AA10AC3344}"
EndProject
Project("{2150E333-8FDC-42A3-9474-1A3956D46DE8}") = "SimpleFactoryDesignPatterns", "SimpleFactoryDesignPatterns", "{1121A05C-1531-4D46-B740-E6B961567C0E}"

Global
	GlobalSection(SolutionConfigurationPlatforms) = preSolution
		Debug|Any CPU = Debug|Any CPU
		Release|Any CPU = Release|Any CPU
	EndGlobalSection
	GlobalSection(ProjectConfigurationPlatforms) = postSolution
		{02D4E511-7AF5-451D-B969-644B380D226C}.Debug|Any CPU.ActiveCfg = Debug|Any CPU
		{02D4E511-7AF5-451D-B969-644B380D226C}.Debug|Any CPU.Build.0 = Debug|Any CPU
		{02D4E511-7AF5-451D-B969-644B380D226C}.Release|Any CPU.ActiveCfg = Release|Any CPU
		{02D4E511-7AF5-451D-B969-644B380D226C}.Release|Any CPU.Build.0 = Release|Any CPU
	EndGlobalSection
	GlobalSection(SolutionProperties) = preSolution
		HideSolutionNode = FALSE
	EndGlobalSection
	GlobalSection(NestedProjects) = preSolution
		{1121A05C-1531-4D46-B740-E6B961567C0E} = {EF6F249F-F02E-4500-B944-20AA10AC3344}
		{02D4E511-7AF5-451D-B969-644B380D226C} = {1121A05C-1531-4D46-B740-E6B961567C0E}
	EndGlobalSection
	GlobalSection(ExtensibilityGlobals) = postSolution
		SolutionGuid = {61B0B632-1515-47C6-9A24-DEEFCD666F73}
	EndGlobalSection
EndGlobal
